{
  "name": "atensi",
  "lockfileVersion": 2,
  "requires": true,
  "packages": {
    "": {
      "dependencies": {
        "jquery": "^3.6.1",
        "sweetalert2": "^11.4.29"
      }
    },
    "node_modules/jquery": {
      "version": "3.6.1",
      "resolved": "https://registry.npmjs.org/jquery/-/jquery-3.6.1.tgz",
      "integrity": "sha512-opJeO4nCucVnsjiXOE+/PcCgYw9Gwpvs/a6B1LL/lQhwWwpbVEVYDZ1FokFr8PRc7ghYlrFPuyHuiiDNTQxmcw=="
    },
    "node_modules/sweetalert2": {
      "version": "11.4.29",
      "resolved": "https://registry.npmjs.org/sweetalert2/-/sweetalert2-11.4.29.tgz",
      "integrity": "sha512-UMCZgyEk0m+KizxspB8Bsm5ZQRdguba2t2+Rf0r8XBmq5YqhXq7ItV2C15A3VLfRlxHnEJBTYg6hkSk/x+5Ofw==",
      "funding": {
        "type": "individual",
        "url": "https://sweetalert2.github.io/#donations"
      }
    }
  },
  "dependencies": {
    "jquery": {
      "version": "3.6.1",
      "resolved": "https://registry.npmjs.org/jquery/-/jquery-3.6.1.tgz",
      "integrity": "sha512-opJeO4nCucVnsjiXOE+/PcCgYw9Gwpvs/a6B1LL/lQhwWwpbVEVYDZ1FokFr8PRc7ghYlrFPuyHuiiDNTQxmcw=="
    },
    "sweetalert2": {
      "version": "11.4.29",
      "resolved": "https://registry.npmjs.org/sweetalert2/-/sweetalert2-11.4.29.tgz",
      "integrity": "sha512-UMCZgyEk0m+KizxspB8Bsm5ZQRdguba2t2+Rf0r8XBmq5YqhXq7ItV2C15A3VLfRlxHnEJBTYg6hkSk/x+5Ofw=="
    }
  }
}
