{
  "name": "atensi",
  "lockfileVersion": 2,
  "requires": true,
  "packages": {
    "": {
      "dependencies": {
        "decision-tree": "^0.3.7",
        "sweetalert2": "^11.4.29"
      }
    },
    "node_modules/decision-tree": {
      "version": "0.3.7",
      "resolved": "https://registry.npmjs.org/decision-tree/-/decision-tree-0.3.7.tgz",
      "integrity": "sha512-owlopiCdbKk5fYaiVfCCom5me0W+gSuVio4D0A+2QA6DV2fGpzxAYE8XB8cS4g1F4Ht6rR8N5HKsjti8kytL+A==",
      "dependencies": {
        "lodash": "^4.17.21"
      },
      "engines": {
        "node": ">= 14.x"
      }
    },
    "node_modules/lodash": {
      "version": "4.17.21",
      "resolved": "https://registry.npmjs.org/lodash/-/lodash-4.17.21.tgz",
      "integrity": "sha512-v2kDEe57lecTulaDIuNTPy3Ry4gLGJ6Z1O3vE1krgXZNrsQ+LFTGHVxVjcXPs17LhbZVGedAJv8XZ1tvj5FvSg=="
    },
    "node_modules/sweetalert2": {
      "version": "11.4.29",
      "resolved": "https://registry.npmjs.org/sweetalert2/-/sweetalert2-11.4.29.tgz",
      "integrity": "sha512-UMCZgyEk0m+KizxspB8Bsm5ZQRdguba2t2+Rf0r8XBmq5YqhXq7ItV2C15A3VLfRlxHnEJBTYg6hkSk/x+5Ofw==",
      "funding": {
        "type": "individual",
        "url": "https://sweetalert2.github.io/#donations"
      }
    }
  },
  "dependencies": {
    "decision-tree": {
      "version": "0.3.7",
      "resolved": "https://registry.npmjs.org/decision-tree/-/decision-tree-0.3.7.tgz",
      "integrity": "sha512-owlopiCdbKk5fYaiVfCCom5me0W+gSuVio4D0A+2QA6DV2fGpzxAYE8XB8cS4g1F4Ht6rR8N5HKsjti8kytL+A==",
      "requires": {
        "lodash": "^4.17.21"
      }
    },
    "lodash": {
      "version": "4.17.21",
      "resolved": "https://registry.npmjs.org/lodash/-/lodash-4.17.21.tgz",
      "integrity": "sha512-v2kDEe57lecTulaDIuNTPy3Ry4gLGJ6Z1O3vE1krgXZNrsQ+LFTGHVxVjcXPs17LhbZVGedAJv8XZ1tvj5FvSg=="
    },
    "sweetalert2": {
      "version": "11.4.29",
      "resolved": "https://registry.npmjs.org/sweetalert2/-/sweetalert2-11.4.29.tgz",
      "integrity": "sha512-UMCZgyEk0m+KizxspB8Bsm5ZQRdguba2t2+Rf0r8XBmq5YqhXq7ItV2C15A3VLfRlxHnEJBTYg6hkSk/x+5Ofw=="
    }
  }
}
